
Microsoft Visual Studio Solution File, Format Version 12.00
# Visual Studio 15
VisualStudioVersion = 15.0.28307.438
MinimumVisualStudioVersion = 10.0.40219.1
Project("{FAE04EC0-301F-11D3-BF4B-00C04F79EFBC}") = "ZDomain", "ZDomain\ZDomain.csproj", "{83F2987C-D8C1-4E65-85F3-203BF7129938}"
EndProject
Global
	GlobalSection(SolutionConfigurationPlatforms) = preSolution
		Debug|Any CPU = Debug|Any CPU
		Release|Any CPU = Release|Any CPU
	EndGlobalSection
	GlobalSection(ProjectConfigurationPlatforms) = postSolution
		{83F2987C-D8C1-4E65-85F3-203BF7129938}.Debug|Any CPU.ActiveCfg = Debug|Any CPU
		{83F2987C-D8C1-4E65-85F3-203BF7129938}.Debug|Any CPU.Build.0 = Debug|Any CPU
		{83F2987C-D8C1-4E65-85F3-203BF7129938}.Release|Any CPU.ActiveCfg = Release|Any CPU
		{83F2987C-D8C1-4E65-85F3-203BF7129938}.Release|Any CPU.Build.0 = Release|Any CPU
	EndGlobalSection
	GlobalSection(SolutionProperties) = preSolution
		HideSolutionNode = FALSE
	EndGlobalSection
	GlobalSection(ExtensibilityGlobals) = postSolution
		SolutionGuid = {4A078145-27E9-41F2-A005-33478DB1EFBC}
	EndGlobalSection
EndGlobal
